
Microsoft Visual Studio Solution File, Format Version 12.00
# Visual Studio Version 16
VisualStudioVersion = 16.0.30114.105
MinimumVisualStudioVersion = 10.0.40219.1
Project("{FAE04EC0-301F-11D3-BF4B-00C04F79EFBC}") = "TestProject", "TestProject\TestProject.csproj", "{DB08A000-C766-4130-94E3-A5ED02FBE8E7}"
EndProject
Project("{FAE04EC0-301F-11D3-BF4B-00C04F79EFBC}") = "FinalProject", "MainProgram\FinalProject.csproj", "{F276F3AE-6E0E-4D6B-83D0-C21BC904729C}"
EndProject
Global
	GlobalSection(SolutionConfigurationPlatforms) = preSolution
		Debug|Any CPU = Debug|Any CPU
		Release|Any CPU = Release|Any CPU
	EndGlobalSection
	GlobalSection(SolutionProperties) = preSolution
		HideSolutionNode = FALSE
	EndGlobalSection
	GlobalSection(ProjectConfigurationPlatforms) = postSolution
		{DB08A000-C766-4130-94E3-A5ED02FBE8E7}.Debug|Any CPU.ActiveCfg = Debug|Any CPU
		{DB08A000-C766-4130-94E3-A5ED02FBE8E7}.Debug|Any CPU.Build.0 = Debug|Any CPU
		{DB08A000-C766-4130-94E3-A5ED02FBE8E7}.Release|Any CPU.ActiveCfg = Release|Any CPU
		{DB08A000-C766-4130-94E3-A5ED02FBE8E7}.Release|Any CPU.Build.0 = Release|Any CPU
		{F276F3AE-6E0E-4D6B-83D0-C21BC904729C}.Debug|Any CPU.ActiveCfg = Debug|Any CPU
		{F276F3AE-6E0E-4D6B-83D0-C21BC904729C}.Debug|Any CPU.Build.0 = Debug|Any CPU
		{F276F3AE-6E0E-4D6B-83D0-C21BC904729C}.Release|Any CPU.ActiveCfg = Release|Any CPU
		{F276F3AE-6E0E-4D6B-83D0-C21BC904729C}.Release|Any CPU.Build.0 = Release|Any CPU
	EndGlobalSection
EndGlobal
